
Microsoft Visual Studio Solution File, Format Version 12.00
Project("{FAE04EC0-301F-11D3-BF4B-00C04F79EFBC}") = "DrillDown", "DrillDown\DrillDown.csproj", "{0E455834-4D7C-4E35-A5E3-12C772AEB3F3}"
EndProject
Global
	GlobalSection(SolutionConfigurationPlatforms) = preSolution
		Debug|Any CPU = Debug|Any CPU
		Release|Any CPU = Release|Any CPU
	EndGlobalSection
	GlobalSection(ProjectConfigurationPlatforms) = postSolution
		{0E455834-4D7C-4E35-A5E3-12C772AEB3F3}.Debug|Any CPU.ActiveCfg = Debug|Any CPU
		{0E455834-4D7C-4E35-A5E3-12C772AEB3F3}.Debug|Any CPU.Build.0 = Debug|Any CPU
		{0E455834-4D7C-4E35-A5E3-12C772AEB3F3}.Release|Any CPU.ActiveCfg = Release|Any CPU
		{0E455834-4D7C-4E35-A5E3-12C772AEB3F3}.Release|Any CPU.Build.0 = Release|Any CPU
	EndGlobalSection
EndGlobal
